<?xml version="1.0" encoding="utf-8"?>
<Project ToolsVersion="4.0" xmlns="http://schemas.microsoft.com/developer/msbuild/2003">
  <ItemGroup>
    <Filter Include="Source Files">
      <UniqueIdentifier>{4FC737F1-C7A5-4376-A066-2A32D752A2FF}</UniqueIdentifier>
      <Extensions>cpp;c;cc;cxx;def;odl;idl;hpj;bat;asm;asmx</Extensions>
    </Filter>
    <Filter Include="Header Files">
      <UniqueIdentifier>{93995380-89BD-4b04-88EB-625FBE52EBFB}</UniqueIdentifier>
      <Extensions>h;hh;hpp;hxx;hm;inl;inc;xsd</Extensions>
    </Filter>
    <Filter Include="Resource Files">
      <UniqueIdentifier>{67DA6AB6-F800-4c08-8B7A-83BB121AAD01}</UniqueIdentifier>
      <Extensions>rc;ico;cur;bmp;dlg;rc2;rct;bin;rgs;gif;jpg;jpeg;jpe;resx;tiff;tif;png;wav;mfcribbon-ms</Extensions>
    </Filter>
    <Filter Include="Source Files\Elements">
      <UniqueIdentifier>{908ac381-1eb7-4bf1-8816-be0f6c6197af}</UniqueIdentifier>
    </Filter>
    <Filter Include="Source Files\Engine">
      <UniqueIdentifier>{b8b71466-9029-4e87-b531-81600b4f700f}</UniqueIdentifier>
    </Filter>
    <Filter Include="Source Files\Graphics">
      <UniqueIdentifier>{e8ac5ecb-2d90-4b90-a9ef-64b87032e332}</UniqueIdentifier>
    </Filter>
    <Filter Include="Source Files\LevelEditor">
      <UniqueIdentifier>{0f9b1021-5da3-4c52-9350-f51464c29374}</UniqueIdentifier>
    </Filter>
    <Filter Include="Source Files\SuperMario">
      <UniqueIdentifier>{71ae6654-7c30-4421-b04d-35a9c25b8106}</UniqueIdentifier>
    </Filter>
    <Filter Include="Source Files\Audio">
      <UniqueIdentifier>{65180ab1-9e69-4c88-971b-517716abf8f7}</UniqueIdentifier>
    </Filter>
    <Filter Include="Header Files\Elements">
      <UniqueIdentifier>{aacec739-2164-41a6-8afb-c7d8748fff95}</UniqueIdentifier>
    </Filter>
    <Filter Include="Header Files\Engine">
      <UniqueIdentifier>{a984047f-d938-4079-a0b3-6b4a407986bb}</UniqueIdentifier>
    </Filter>
    <Filter Include="Header Files\Graphics">
      <UniqueIdentifier>{9e47d571-c323-4c32-8dc6-03b2b3b07e2c}</UniqueIdentifier>
    </Filter>
    <Filter Include="Header Files\LevelEditor">
      <UniqueIdentifier>{6c51c38c-e6ff-4b8e-8f55-e4ae0b116050}</UniqueIdentifier>
    </Filter>
    <Filter Include="Header Files\SuperMario">
      <UniqueIdentifier>{e931a58c-7ad2-4150-847f-39b94117becf}</UniqueIdentifier>
    </Filter>
    <Filter Include="Header Files\Audio">
      <UniqueIdentifier>{485ecdfd-59b6-4202-9aa8-d7ec0a0561e8}</UniqueIdentifier>
    </Filter>
  </ItemGroup>
  <ItemGroup>
    <Library Include="SDL\SDL2.lib" />
    <Library Include="SDL\SDL2_image.lib" />
    <Library Include="SDL\SDL2_mixer.lib" />
    <Library Include="SDL\SDL2main.lib" />
  </ItemGroup>
  <ItemGroup>
    <ClCompile Include="main.cpp">
      <Filter>Source Files</Filter>
    </ClCompile>
    <ClCompile Include="Audio.cpp">
      <Filter>Source Files\Audio</Filter>
    </ClCompile>
    <ClCompile Include="AlertBox.cpp">
      <Filter>Source Files\Elements</Filter>
    </ClCompile>
    <ClCompile Include="Background.cpp">
      <Filter>Source Files\Graphics</Filter>
    </ClCompile>
    <ClCompile Include="BlockAction.cpp">
      <Filter>Source Files\Elements</Filter>
    </ClCompile>
    <ClCompile Include="Camera.cpp">
      <Filter>Source Files\Engine</Filter>
    </ClCompile>
    <ClCompile Include="CircleCollision.cpp">
      <Filter>Source Files\Engine</Filter>
    </ClCompile>
    <ClCompile Include="ControllerManagement.cpp">
      <Filter>Source Files\Engine</Filter>
    </ClCompile>
    <ClCompile Include="Controls.cpp">
      <Filter>Source Files\Engine</Filter>
    </ClCompile>
    <ClCompile Include="EndOfLevelBlock.cpp">
      <Filter>Source Files\Elements</Filter>
    </ClCompile>
    <ClCompile Include="Enemy.cpp">
      <Filter>Source Files\Elements</Filter>
    </ClCompile>
    <ClCompile Include="EnemyEffect.cpp">
      <Filter>Source Files\Elements</Filter>
    </ClCompile>
    <ClCompile Include="FileMethods.cpp">
      <Filter>Source Files\Engine</Filter>
    </ClCompile>
    <ClCompile Include="FileSelectorMenu.cpp">
      <Filter>Source Files\Elements</Filter>
    </ClCompile>
    <ClCompile Include="FireBall.cpp">
      <Filter>Source Files\Elements</Filter>
    </ClCompile>
    <ClCompile Include="GameEngine.cpp">
      <Filter>Source Files\Engine</Filter>
    </ClCompile>
    <ClCompile Include="GameInstance.cpp">
      <Filter>Source Files\Engine</Filter>
    </ClCompile>
    <ClCompile Include="GameSelect.cpp">
      <Filter>Source Files\Engine</Filter>
    </ClCompile>
    <ClCompile Include="Item.cpp">
      <Filter>Source Files\Elements</Filter>
    </ClCompile>
    <ClCompile Include="ItemAction.cpp">
      <Filter>Source Files\Elements</Filter>
    </ClCompile>
    <ClCompile Include="ItemManager.cpp">
      <Filter>Source Files\Elements</Filter>
    </ClCompile>
    <ClCompile Include="ItemSpawnInformation.cpp">
      <Filter>Source Files\Elements</Filter>
    </ClCompile>
    <ClCompile Include="LevelEditor.cpp">
      <Filter>Source Files\LevelEditor</Filter>
    </ClCompile>
    <ClCompile Include="LinkedList.cpp">
      <Filter>Source Files\Engine</Filter>
    </ClCompile>
    <ClCompile Include="Music.cpp">
      <Filter>Source Files\Audio</Filter>
    </ClCompile>
    <ClCompile Include="Platformer_Character.cpp">
      <Filter>Source Files\Elements</Filter>
    </ClCompile>
    <ClCompile Include="Platformer_TilesetEditor.cpp">
      <Filter>Source Files\LevelEditor</Filter>
    </ClCompile>
    <ClCompile Include="ScoreOnScreen.cpp">
      <Filter>Source Files\Graphics</Filter>
    </ClCompile>
    <ClCompile Include="ScreenUI.cpp">
      <Filter>Source Files\Graphics</Filter>
    </ClCompile>
    <ClCompile Include="SMB_Level.cpp">
      <Filter>Source Files\SuperMario</Filter>
    </ClCompile>
    <ClCompile Include="SMB_LevelEnd.cpp">
      <Filter>Source Files\SuperMario</Filter>
    </ClCompile>
    <ClCompile Include="SMB_PlayerPlatformer.cpp">
      <Filter>Source Files\SuperMario</Filter>
    </ClCompile>
    <ClCompile Include="SMB_QuestionMarkBlock.cpp">
      <Filter>Source Files\SuperMario</Filter>
    </ClCompile>
    <ClCompile Include="SMB_ScreenUI.cpp">
      <Filter>Source Files\SuperMario</Filter>
    </ClCompile>
    <ClCompile Include="SMB_TilemapEditor.cpp">
      <Filter>Source Files\LevelEditor</Filter>
    </ClCompile>
    <ClCompile Include="SMB_TitleScreen.cpp">
      <Filter>Source Files\SuperMario</Filter>
    </ClCompile>
    <ClCompile Include="SMB_World.cpp">
      <Filter>Source Files\SuperMario</Filter>
    </ClCompile>
    <ClCompile Include="Sound.cpp">
      <Filter>Source Files\Audio</Filter>
    </ClCompile>
    <ClCompile Include="SoundEffect.cpp">
      <Filter>Source Files\Audio</Filter>
    </ClCompile>
    <ClCompile Include="SpecialBlock.cpp">
      <Filter>Source Files\Elements</Filter>
    </ClCompile>
    <ClCompile Include="Sprite.cpp">
      <Filter>Source Files\Graphics</Filter>
    </ClCompile>
    <ClCompile Include="SPRITEBATCH.cpp">
      <Filter>Source Files\Graphics</Filter>
    </ClCompile>
    <ClCompile Include="SprLetters.cpp">
      <Filter>Source Files\Graphics</Filter>
    </ClCompile>
    <ClCompile Include="SprLinearAnimation.cpp">
      <Filter>Source Files\Graphics</Filter>
    </ClCompile>
    <ClCompile Include="SuperMarioBros3.cpp">
      <Filter>Source Files\SuperMario</Filter>
    </ClCompile>
    <ClCompile Include="TextureSelfManaged.cpp">
      <Filter>Source Files\Graphics</Filter>
    </ClCompile>
    <ClCompile Include="TileInformation.cpp">
      <Filter>Source Files\Graphics</Filter>
    </ClCompile>
    <ClCompile Include="Tilemap.cpp">
      <Filter>Source Files\Graphics</Filter>
    </ClCompile>
    <ClCompile Include="TileModifications.cpp">
      <Filter>Source Files\Elements</Filter>
    </ClCompile>
    <ClCompile Include="ToolTip.cpp">
      <Filter>Source Files\Graphics</Filter>
    </ClCompile>
    <ClCompile Include="Utility.cpp">
      <Filter>Source Files\Engine</Filter>
    </ClCompile>
    <ClCompile Include="Vector2D.cpp">
      <Filter>Source Files\Engine</Filter>
    </ClCompile>
    <ClCompile Include="Particle.cpp">
      <Filter>Source Files\Elements</Filter>
    </ClCompile>
    <ClCompile Include="ParticleManager.cpp">
      <Filter>Source Files\Elements</Filter>
    </ClCompile>
  </ItemGroup>
  <ItemGroup>
    <ClInclude Include="AlertBox.h">
      <Filter>Header Files\Elements</Filter>
    </ClInclude>
    <ClInclude Include="Audio.h">
      <Filter>Header Files\Audio</Filter>
    </ClInclude>
    <ClInclude Include="Background.h">
      <Filter>Header Files\Graphics</Filter>
    </ClInclude>
    <ClInclude Include="BlockAction.h">
      <Filter>Header Files\Elements</Filter>
    </ClInclude>
    <ClInclude Include="Camera.h">
      <Filter>Header Files\Engine</Filter>
    </ClInclude>
    <ClInclude Include="CircleCollision.h">
      <Filter>Header Files\Engine</Filter>
    </ClInclude>
    <ClInclude Include="Constants.h">
      <Filter>Header Files\Engine</Filter>
    </ClInclude>
    <ClInclude Include="ControllerManagement.h">
      <Filter>Header Files\Engine</Filter>
    </ClInclude>
    <ClInclude Include="Controls.h">
      <Filter>Header Files\Engine</Filter>
    </ClInclude>
    <ClInclude Include="EndOfLevelBlock.h">
      <Filter>Header Files\Elements</Filter>
    </ClInclude>
    <ClInclude Include="Enemy.h">
      <Filter>Header Files\Elements</Filter>
    </ClInclude>
    <ClInclude Include="EnemyEffect.h">
      <Filter>Header Files\Elements</Filter>
    </ClInclude>
    <ClInclude Include="FileMethods.h">
      <Filter>Header Files\Engine</Filter>
    </ClInclude>
    <ClInclude Include="FileSelectorMenu.h">
      <Filter>Header Files\Elements</Filter>
    </ClInclude>
    <ClInclude Include="GameEngine.h">
      <Filter>Header Files\Engine</Filter>
    </ClInclude>
    <ClInclude Include="GameInstance.h">
      <Filter>Header Files\Engine</Filter>
    </ClInclude>
    <ClInclude Include="GameSelect.h">
      <Filter>Header Files\Engine</Filter>
    </ClInclude>
    <ClInclude Include="FireBall.h">
      <Filter>Header Files\Elements</Filter>
    </ClInclude>
    <ClInclude Include="Item.h">
      <Filter>Header Files\Elements</Filter>
    </ClInclude>
    <ClInclude Include="ItemAction.h">
      <Filter>Header Files\Elements</Filter>
    </ClInclude>
    <ClInclude Include="ItemManager.h">
      <Filter>Header Files\Elements</Filter>
    </ClInclude>
    <ClInclude Include="ItemSpawnInformation.h">
      <Filter>Header Files\Elements</Filter>
    </ClInclude>
    <ClInclude Include="LevelEditor.h">
      <Filter>Header Files\LevelEditor</Filter>
    </ClInclude>
    <ClInclude Include="LinkedList.h">
      <Filter>Header Files\Engine</Filter>
    </ClInclude>
    <ClInclude Include="Music.h">
      <Filter>Header Files\Audio</Filter>
    </ClInclude>
    <ClInclude Include="Platformer_Character.h">
      <Filter>Header Files\Elements</Filter>
    </ClInclude>
    <ClInclude Include="Platformer_TilesetEditor.h">
      <Filter>Header Files\LevelEditor</Filter>
    </ClInclude>
    <ClInclude Include="ScoreOnScreen.h">
      <Filter>Header Files\Graphics</Filter>
    </ClInclude>
    <ClInclude Include="ScreenUI.h">
      <Filter>Header Files\Graphics</Filter>
    </ClInclude>
    <ClInclude Include="SMB_Level.h">
      <Filter>Header Files\SuperMario</Filter>
    </ClInclude>
    <ClInclude Include="SMB_LevelEnd.h">
      <Filter>Header Files\SuperMario</Filter>
    </ClInclude>
    <ClInclude Include="SMB_PlayerPlatformer.h">
      <Filter>Header Files\SuperMario</Filter>
    </ClInclude>
    <ClInclude Include="SMB_QuestionMarkBlock.h">
      <Filter>Header Files\SuperMario</Filter>
    </ClInclude>
    <ClInclude Include="SMB_ScreenUI.h">
      <Filter>Header Files\SuperMario</Filter>
    </ClInclude>
    <ClInclude Include="SMB_TilemapEditor.h">
      <Filter>Header Files\LevelEditor</Filter>
    </ClInclude>
    <ClInclude Include="SMB_TitleScreen.h">
      <Filter>Header Files\SuperMario</Filter>
    </ClInclude>
    <ClInclude Include="SMB_World.h">
      <Filter>Header Files\SuperMario</Filter>
    </ClInclude>
    <ClInclude Include="Sound.h">
      <Filter>Header Files\Audio</Filter>
    </ClInclude>
    <ClInclude Include="SpecialBlock.h">
      <Filter>Header Files\Elements</Filter>
    </ClInclude>
    <ClInclude Include="SoundEffect.h">
      <Filter>Header Files\Audio</Filter>
    </ClInclude>
    <ClInclude Include="Sprite.h">
      <Filter>Header Files\Graphics</Filter>
    </ClInclude>
    <ClInclude Include="SPRITEBATCH.h">
      <Filter>Header Files\Graphics</Filter>
    </ClInclude>
    <ClInclude Include="SprLetters.h">
      <Filter>Header Files\Graphics</Filter>
    </ClInclude>
    <ClInclude Include="SprLinearAnimation.h">
      <Filter>Header Files\Graphics</Filter>
    </ClInclude>
    <ClInclude Include="SuperMarioBros3.h">
      <Filter>Header Files\SuperMario</Filter>
    </ClInclude>
    <ClInclude Include="TextureSelfManaged.h">
      <Filter>Header Files\Graphics</Filter>
    </ClInclude>
    <ClInclude Include="TileInformation.h">
      <Filter>Header Files\Graphics</Filter>
    </ClInclude>
    <ClInclude Include="Tilemap.h">
      <Filter>Header Files\Graphics</Filter>
    </ClInclude>
    <ClInclude Include="TileModifications.h">
      <Filter>Header Files\Elements</Filter>
    </ClInclude>
    <ClInclude Include="ToolTip.h">
      <Filter>Header Files\Graphics</Filter>
    </ClInclude>
    <ClInclude Include="Utility.h">
      <Filter>Header Files\Engine</Filter>
    </ClInclude>
    <ClInclude Include="Vector2D.h">
      <Filter>Header Files\Engine</Filter>
    </ClInclude>
    <ClInclude Include="Particle.h">
      <Filter>Header Files\Elements</Filter>
    </ClInclude>
    <ClInclude Include="ParticleManager.h">
      <Filter>Header Files\Elements</Filter>
    </ClInclude>
  </ItemGroup>
</Project>